
Microsoft Visual Studio Solution File, Format Version 12.00
# Visual Studio Version 16
VisualStudioVersion = 16.0.30309.148
MinimumVisualStudioVersion = 10.0.40219.1
Project("{FAE04EC0-301F-11D3-BF4B-00C04F79EFBC}") = "02-aspnet-repaso", "02-aspnet-repaso\02-aspnet-repaso.csproj", "{F5165DD2-7860-4439-8EB2-B9CD925EA845}"
EndProject
Global
	GlobalSection(SolutionConfigurationPlatforms) = preSolution
		Debug|Any CPU = Debug|Any CPU
		Release|Any CPU = Release|Any CPU
	EndGlobalSection
	GlobalSection(ProjectConfigurationPlatforms) = postSolution
		{F5165DD2-7860-4439-8EB2-B9CD925EA845}.Debug|Any CPU.ActiveCfg = Debug|Any CPU
		{F5165DD2-7860-4439-8EB2-B9CD925EA845}.Debug|Any CPU.Build.0 = Debug|Any CPU
		{F5165DD2-7860-4439-8EB2-B9CD925EA845}.Release|Any CPU.ActiveCfg = Release|Any CPU
		{F5165DD2-7860-4439-8EB2-B9CD925EA845}.Release|Any CPU.Build.0 = Release|Any CPU
	EndGlobalSection
	GlobalSection(SolutionProperties) = preSolution
		HideSolutionNode = FALSE
	EndGlobalSection
	GlobalSection(ExtensibilityGlobals) = postSolution
		SolutionGuid = {AC02C560-3C22-437F-A442-4114B87CDA11}
	EndGlobalSection
EndGlobal
